{
  "name": "vue-im-demo",
  "version": "1.0.0",
  "lockfileVersion": 1,
  "requires": true,
  "dependencies": {
    "moment": {
      "version": "2.20.1",
      "resolved": "https://registry.npmjs.org/moment/-/moment-2.20.1.tgz",
      "integrity": "sha512-Yh9y73JRljxW5QxN08Fner68eFLxM5ynNOAw2LbIB1YAGeQzZT8QFSUvkAz609Zf+IHhhaUxqZK8dG3W/+HEvg=="
    },
    "vue-im": {
      "version": "1.0.3",
      "resolved": "https://registry.npmjs.org/vue-im/-/vue-im-1.0.3.tgz",
      "integrity": "sha512-l3rZLJ03uMktC4d2z6NLBnkDbeT+ymRc8QkiPsiWcdchWrpOCBSLoqasr77gc444C5mjYmIe3BlUOTfS3b9+mw==",
      "requires": {
        "moment": "2.20.1"
      }
    }
  }
}
